
Microsoft Visual Studio Solution File, Format Version 12.00
# Visual Studio 15
VisualStudioVersion = 15.0.28010.2026
MinimumVisualStudioVersion = 10.0.40219.1
Project("{FAE04EC0-301F-11D3-BF4B-00C04F79EFBC}") = "Weather", "Weather\Weather.csproj", "{EE5D52FB-9E90-434E-B00F-B11386BF75BC}"
EndProject
Project("{FAE04EC0-301F-11D3-BF4B-00C04F79EFBC}") = "Weather.Core", "Weather.Core\Weather.Core.csproj", "{FF4FC218-252B-49D8-9D7C-C6BFF68BCE38}"
EndProject
Global
	GlobalSection(SolutionConfigurationPlatforms) = preSolution
		Debug|Any CPU = Debug|Any CPU
		Release|Any CPU = Release|Any CPU
	EndGlobalSection
	GlobalSection(ProjectConfigurationPlatforms) = postSolution
		{EE5D52FB-9E90-434E-B00F-B11386BF75BC}.Debug|Any CPU.ActiveCfg = Debug|Any CPU
		{EE5D52FB-9E90-434E-B00F-B11386BF75BC}.Debug|Any CPU.Build.0 = Debug|Any CPU
		{EE5D52FB-9E90-434E-B00F-B11386BF75BC}.Debug|Any CPU.Deploy.0 = Debug|Any CPU
		{EE5D52FB-9E90-434E-B00F-B11386BF75BC}.Release|Any CPU.ActiveCfg = Release|Any CPU
		{EE5D52FB-9E90-434E-B00F-B11386BF75BC}.Release|Any CPU.Build.0 = Release|Any CPU
		{EE5D52FB-9E90-434E-B00F-B11386BF75BC}.Release|Any CPU.Deploy.0 = Release|Any CPU
		{FF4FC218-252B-49D8-9D7C-C6BFF68BCE38}.Debug|Any CPU.ActiveCfg = Debug|Any CPU
		{FF4FC218-252B-49D8-9D7C-C6BFF68BCE38}.Debug|Any CPU.Build.0 = Debug|Any CPU
		{FF4FC218-252B-49D8-9D7C-C6BFF68BCE38}.Release|Any CPU.ActiveCfg = Release|Any CPU
		{FF4FC218-252B-49D8-9D7C-C6BFF68BCE38}.Release|Any CPU.Build.0 = Release|Any CPU
	EndGlobalSection
	GlobalSection(SolutionProperties) = preSolution
		HideSolutionNode = FALSE
	EndGlobalSection
	GlobalSection(ExtensibilityGlobals) = postSolution
		SolutionGuid = {D3B14017-C65B-48EF-87F4-EB74E0636274}
	EndGlobalSection
EndGlobal
